
Microsoft Visual Studio Solution File, Format Version 12.00
# Visual Studio Version 16
VisualStudioVersion = 16.0.31702.278
MinimumVisualStudioVersion = 10.0.40219.1
Project("{FAE04EC0-301F-11D3-BF4B-00C04F79EFBC}") = "Lesson1", "Lesson1.csproj", "{BF8C55C7-22A7-4AB9-8E99-329629D1F44D}"
EndProject
Global
	GlobalSection(SolutionConfigurationPlatforms) = preSolution
		Debug|Any CPU = Debug|Any CPU
		Release|Any CPU = Release|Any CPU
	EndGlobalSection
	GlobalSection(ProjectConfigurationPlatforms) = postSolution
		{BF8C55C7-22A7-4AB9-8E99-329629D1F44D}.Debug|Any CPU.ActiveCfg = Debug|Any CPU
		{BF8C55C7-22A7-4AB9-8E99-329629D1F44D}.Debug|Any CPU.Build.0 = Debug|Any CPU
		{BF8C55C7-22A7-4AB9-8E99-329629D1F44D}.Release|Any CPU.ActiveCfg = Release|Any CPU
		{BF8C55C7-22A7-4AB9-8E99-329629D1F44D}.Release|Any CPU.Build.0 = Release|Any CPU
	EndGlobalSection
	GlobalSection(SolutionProperties) = preSolution
		HideSolutionNode = FALSE
	EndGlobalSection
	GlobalSection(ExtensibilityGlobals) = postSolution
		SolutionGuid = {03C32187-0D18-4D47-B70E-3B0D8C423DFE}
	EndGlobalSection
EndGlobal
